
Microsoft Visual Studio Solution File, Format Version 12.00
# Visual Studio 15
VisualStudioVersion = 15.0.28010.2003
MinimumVisualStudioVersion = 10.0.40219.1
Project("{FAE04EC0-301F-11D3-BF4B-00C04F79EFBC}") = "SpaceWarsView", "SpaceWarsView\SpaceWarsView.csproj", "{35A44DBC-0787-47F7-B164-8E8BA173AC73}"
EndProject
Project("{FAE04EC0-301F-11D3-BF4B-00C04F79EFBC}") = "SpaceWarsModel", "SpaceWarsModel\SpaceWarsModel.csproj", "{90899D8F-D743-4D7E-BE63-1E8FAC5637F3}"
EndProject
Project("{FAE04EC0-301F-11D3-BF4B-00C04F79EFBC}") = "Vector2D", "Vector2D\Vector2D.csproj", "{806970D8-BBEF-45C4-9F1C-A749133FACC7}"
EndProject
Project("{FAE04EC0-301F-11D3-BF4B-00C04F79EFBC}") = "Controller", "Controller\Controller.csproj", "{32D13C77-D45A-443C-8376-8FBED1263AA7}"
EndProject
Project("{FAE04EC0-301F-11D3-BF4B-00C04F79EFBC}") = "Resources", "Resources\Resources.csproj", "{2C340EEE-EB51-4A5B-8170-4904598C2B6B}"
EndProject
Project("{FAE04EC0-301F-11D3-BF4B-00C04F79EFBC}") = "Server", "Server\Server.csproj", "{35C5368F-445C-44C5-A780-EE29D7002FDF}"
EndProject
Global
	GlobalSection(SolutionConfigurationPlatforms) = preSolution
		Debug|Any CPU = Debug|Any CPU
		Debug|ARM = Debug|ARM
		Debug|x64 = Debug|x64
		Debug|x86 = Debug|x86
		Release|Any CPU = Release|Any CPU
		Release|ARM = Release|ARM
		Release|x64 = Release|x64
		Release|x86 = Release|x86
	EndGlobalSection
	GlobalSection(ProjectConfigurationPlatforms) = postSolution
		{35A44DBC-0787-47F7-B164-8E8BA173AC73}.Debug|Any CPU.ActiveCfg = Debug|Any CPU
		{35A44DBC-0787-47F7-B164-8E8BA173AC73}.Debug|Any CPU.Build.0 = Debug|Any CPU
		{35A44DBC-0787-47F7-B164-8E8BA173AC73}.Debug|ARM.ActiveCfg = Debug|Any CPU
		{35A44DBC-0787-47F7-B164-8E8BA173AC73}.Debug|ARM.Build.0 = Debug|Any CPU
		{35A44DBC-0787-47F7-B164-8E8BA173AC73}.Debug|x64.ActiveCfg = Debug|Any CPU
		{35A44DBC-0787-47F7-B164-8E8BA173AC73}.Debug|x64.Build.0 = Debug|Any CPU
		{35A44DBC-0787-47F7-B164-8E8BA173AC73}.Debug|x86.ActiveCfg = Debug|Any CPU
		{35A44DBC-0787-47F7-B164-8E8BA173AC73}.Debug|x86.Build.0 = Debug|Any CPU
		{35A44DBC-0787-47F7-B164-8E8BA173AC73}.Release|Any CPU.ActiveCfg = Release|Any CPU
		{35A44DBC-0787-47F7-B164-8E8BA173AC73}.Release|Any CPU.Build.0 = Release|Any CPU
		{35A44DBC-0787-47F7-B164-8E8BA173AC73}.Release|ARM.ActiveCfg = Release|Any CPU
		{35A44DBC-0787-47F7-B164-8E8BA173AC73}.Release|ARM.Build.0 = Release|Any CPU
		{35A44DBC-0787-47F7-B164-8E8BA173AC73}.Release|x64.ActiveCfg = Release|Any CPU
		{35A44DBC-0787-47F7-B164-8E8BA173AC73}.Release|x64.Build.0 = Release|Any CPU
		{35A44DBC-0787-47F7-B164-8E8BA173AC73}.Release|x86.ActiveCfg = Release|Any CPU
		{35A44DBC-0787-47F7-B164-8E8BA173AC73}.Release|x86.Build.0 = Release|Any CPU
		{90899D8F-D743-4D7E-BE63-1E8FAC5637F3}.Debug|Any CPU.ActiveCfg = Debug|Any CPU
		{90899D8F-D743-4D7E-BE63-1E8FAC5637F3}.Debug|Any CPU.Build.0 = Debug|Any CPU
		{90899D8F-D743-4D7E-BE63-1E8FAC5637F3}.Debug|ARM.ActiveCfg = Debug|Any CPU
		{90899D8F-D743-4D7E-BE63-1E8FAC5637F3}.Debug|ARM.Build.0 = Debug|Any CPU
		{90899D8F-D743-4D7E-BE63-1E8FAC5637F3}.Debug|x64.ActiveCfg = Debug|Any CPU
		{90899D8F-D743-4D7E-BE63-1E8FAC5637F3}.Debug|x64.Build.0 = Debug|Any CPU
		{90899D8F-D743-4D7E-BE63-1E8FAC5637F3}.Debug|x86.ActiveCfg = Debug|Any CPU
		{90899D8F-D743-4D7E-BE63-1E8FAC5637F3}.Debug|x86.Build.0 = Debug|Any CPU
		{90899D8F-D743-4D7E-BE63-1E8FAC5637F3}.Release|Any CPU.ActiveCfg = Release|Any CPU
		{90899D8F-D743-4D7E-BE63-1E8FAC5637F3}.Release|Any CPU.Build.0 = Release|Any CPU
		{90899D8F-D743-4D7E-BE63-1E8FAC5637F3}.Release|ARM.ActiveCfg = Release|Any CPU
		{90899D8F-D743-4D7E-BE63-1E8FAC5637F3}.Release|ARM.Build.0 = Release|Any CPU
		{90899D8F-D743-4D7E-BE63-1E8FAC5637F3}.Release|x64.ActiveCfg = Release|Any CPU
		{90899D8F-D743-4D7E-BE63-1E8FAC5637F3}.Release|x64.Build.0 = Release|Any CPU
		{90899D8F-D743-4D7E-BE63-1E8FAC5637F3}.Release|x86.ActiveCfg = Release|Any CPU
		{90899D8F-D743-4D7E-BE63-1E8FAC5637F3}.Release|x86.Build.0 = Release|Any CPU
		{806970D8-BBEF-45C4-9F1C-A749133FACC7}.Debug|Any CPU.ActiveCfg = Debug|Any CPU
		{806970D8-BBEF-45C4-9F1C-A749133FACC7}.Debug|Any CPU.Build.0 = Debug|Any CPU
		{806970D8-BBEF-45C4-9F1C-A749133FACC7}.Debug|ARM.ActiveCfg = Debug|Any CPU
		{806970D8-BBEF-45C4-9F1C-A749133FACC7}.Debug|ARM.Build.0 = Debug|Any CPU
		{806970D8-BBEF-45C4-9F1C-A749133FACC7}.Debug|x64.ActiveCfg = Debug|Any CPU
		{806970D8-BBEF-45C4-9F1C-A749133FACC7}.Debug|x64.Build.0 = Debug|Any CPU
		{806970D8-BBEF-45C4-9F1C-A749133FACC7}.Debug|x86.ActiveCfg = Debug|Any CPU
		{806970D8-BBEF-45C4-9F1C-A749133FACC7}.Debug|x86.Build.0 = Debug|Any CPU
		{806970D8-BBEF-45C4-9F1C-A749133FACC7}.Release|Any CPU.ActiveCfg = Release|Any CPU
		{806970D8-BBEF-45C4-9F1C-A749133FACC7}.Release|Any CPU.Build.0 = Release|Any CPU
		{806970D8-BBEF-45C4-9F1C-A749133FACC7}.Release|ARM.ActiveCfg = Release|Any CPU
		{806970D8-BBEF-45C4-9F1C-A749133FACC7}.Release|ARM.Build.0 = Release|Any CPU
		{806970D8-BBEF-45C4-9F1C-A749133FACC7}.Release|x64.ActiveCfg = Release|Any CPU
		{806970D8-BBEF-45C4-9F1C-A749133FACC7}.Release|x64.Build.0 = Release|Any CPU
		{806970D8-BBEF-45C4-9F1C-A749133FACC7}.Release|x86.ActiveCfg = Release|Any CPU
		{806970D8-BBEF-45C4-9F1C-A749133FACC7}.Release|x86.Build.0 = Release|Any CPU
		{32D13C77-D45A-443C-8376-8FBED1263AA7}.Debug|Any CPU.ActiveCfg = Debug|Any CPU
		{32D13C77-D45A-443C-8376-8FBED1263AA7}.Debug|Any CPU.Build.0 = Debug|Any CPU
		{32D13C77-D45A-443C-8376-8FBED1263AA7}.Debug|ARM.ActiveCfg = Debug|Any CPU
		{32D13C77-D45A-443C-8376-8FBED1263AA7}.Debug|ARM.Build.0 = Debug|Any CPU
		{32D13C77-D45A-443C-8376-8FBED1263AA7}.Debug|x64.ActiveCfg = Debug|Any CPU
		{32D13C77-D45A-443C-8376-8FBED1263AA7}.Debug|x64.Build.0 = Debug|Any CPU
		{32D13C77-D45A-443C-8376-8FBED1263AA7}.Debug|x86.ActiveCfg = Debug|Any CPU
		{32D13C77-D45A-443C-8376-8FBED1263AA7}.Debug|x86.Build.0 = Debug|Any CPU
		{32D13C77-D45A-443C-8376-8FBED1263AA7}.Release|Any CPU.ActiveCfg = Release|Any CPU
		{32D13C77-D45A-443C-8376-8FBED1263AA7}.Release|Any CPU.Build.0 = Release|Any CPU
		{32D13C77-D45A-443C-8376-8FBED1263AA7}.Release|ARM.ActiveCfg = Release|Any CPU
		{32D13C77-D45A-443C-8376-8FBED1263AA7}.Release|ARM.Build.0 = Release|Any CPU
		{32D13C77-D45A-443C-8376-8FBED1263AA7}.Release|x64.ActiveCfg = Release|Any CPU
		{32D13C77-D45A-443C-8376-8FBED1263AA7}.Release|x64.Build.0 = Release|Any CPU
		{32D13C77-D45A-443C-8376-8FBED1263AA7}.Release|x86.ActiveCfg = Release|Any CPU
		{32D13C77-D45A-443C-8376-8FBED1263AA7}.Release|x86.Build.0 = Release|Any CPU
		{2C340EEE-EB51-4A5B-8170-4904598C2B6B}.Debug|Any CPU.ActiveCfg = Debug|Any CPU
		{2C340EEE-EB51-4A5B-8170-4904598C2B6B}.Debug|Any CPU.Build.0 = Debug|Any CPU
		{2C340EEE-EB51-4A5B-8170-4904598C2B6B}.Debug|ARM.ActiveCfg = Debug|Any CPU
		{2C340EEE-EB51-4A5B-8170-4904598C2B6B}.Debug|ARM.Build.0 = Debug|Any CPU
		{2C340EEE-EB51-4A5B-8170-4904598C2B6B}.Debug|x64.ActiveCfg = Debug|Any CPU
		{2C340EEE-EB51-4A5B-8170-4904598C2B6B}.Debug|x64.Build.0 = Debug|Any CPU
		{2C340EEE-EB51-4A5B-8170-4904598C2B6B}.Debug|x86.ActiveCfg = Debug|Any CPU
		{2C340EEE-EB51-4A5B-8170-4904598C2B6B}.Debug|x86.Build.0 = Debug|Any CPU
		{2C340EEE-EB51-4A5B-8170-4904598C2B6B}.Release|Any CPU.ActiveCfg = Release|Any CPU
		{2C340EEE-EB51-4A5B-8170-4904598C2B6B}.Release|Any CPU.Build.0 = Release|Any CPU
		{2C340EEE-EB51-4A5B-8170-4904598C2B6B}.Release|ARM.ActiveCfg = Release|Any CPU
		{2C340EEE-EB51-4A5B-8170-4904598C2B6B}.Release|ARM.Build.0 = Release|Any CPU
		{2C340EEE-EB51-4A5B-8170-4904598C2B6B}.Release|x64.ActiveCfg = Release|Any CPU
		{2C340EEE-EB51-4A5B-8170-4904598C2B6B}.Release|x64.Build.0 = Release|Any CPU
		{2C340EEE-EB51-4A5B-8170-4904598C2B6B}.Release|x86.ActiveCfg = Release|Any CPU
		{2C340EEE-EB51-4A5B-8170-4904598C2B6B}.Release|x86.Build.0 = Release|Any CPU
		{35C5368F-445C-44C5-A780-EE29D7002FDF}.Debug|Any CPU.ActiveCfg = Debug|Any CPU
		{35C5368F-445C-44C5-A780-EE29D7002FDF}.Debug|Any CPU.Build.0 = Debug|Any CPU
		{35C5368F-445C-44C5-A780-EE29D7002FDF}.Debug|ARM.ActiveCfg = Debug|Any CPU
		{35C5368F-445C-44C5-A780-EE29D7002FDF}.Debug|ARM.Build.0 = Debug|Any CPU
		{35C5368F-445C-44C5-A780-EE29D7002FDF}.Debug|x64.ActiveCfg = Debug|Any CPU
		{35C5368F-445C-44C5-A780-EE29D7002FDF}.Debug|x64.Build.0 = Debug|Any CPU
		{35C5368F-445C-44C5-A780-EE29D7002FDF}.Debug|x86.ActiveCfg = Debug|Any CPU
		{35C5368F-445C-44C5-A780-EE29D7002FDF}.Debug|x86.Build.0 = Debug|Any CPU
		{35C5368F-445C-44C5-A780-EE29D7002FDF}.Release|Any CPU.ActiveCfg = Release|Any CPU
		{35C5368F-445C-44C5-A780-EE29D7002FDF}.Release|Any CPU.Build.0 = Release|Any CPU
		{35C5368F-445C-44C5-A780-EE29D7002FDF}.Release|ARM.ActiveCfg = Release|Any CPU
		{35C5368F-445C-44C5-A780-EE29D7002FDF}.Release|ARM.Build.0 = Release|Any CPU
		{35C5368F-445C-44C5-A780-EE29D7002FDF}.Release|x64.ActiveCfg = Release|Any CPU
		{35C5368F-445C-44C5-A780-EE29D7002FDF}.Release|x64.Build.0 = Release|Any CPU
		{35C5368F-445C-44C5-A780-EE29D7002FDF}.Release|x86.ActiveCfg = Release|Any CPU
		{35C5368F-445C-44C5-A780-EE29D7002FDF}.Release|x86.Build.0 = Release|Any CPU
	EndGlobalSection
	GlobalSection(SolutionProperties) = preSolution
		HideSolutionNode = FALSE
	EndGlobalSection
	GlobalSection(ExtensibilityGlobals) = postSolution
		SolutionGuid = {DD540DF2-3475-49F2-90BF-6024CB0EE25A}
	EndGlobalSection
EndGlobal
